
Microsoft Visual Studio Solution File, Format Version 12.00
# Visual Studio Version 16
VisualStudioVersion = 16.0.31129.286
MinimumVisualStudioVersion = 10.0.40219.1
Project("{9A19103F-16F7-4668-BE54-9A1E7A4F7556}") = "FragranceAPI", "FragranceAPI\FragranceAPI.csproj", "{3AAA7ADD-A0F9-4D28-9A07-61341FEE2443}"
EndProject
Project("{9A19103F-16F7-4668-BE54-9A1E7A4F7556}") = "Data", "Data\Data.csproj", "{7F095000-FB50-4361-95DF-734076C0B7E8}"
EndProject
Project("{9A19103F-16F7-4668-BE54-9A1E7A4F7556}") = "Repositories", "Repositories\Repositories.csproj", "{D323846F-2D9C-4D63-9BB8-D0A57466788A}"
EndProject
Project("{2150E333-8FDC-42A3-9474-1A3956D46DE8}") = "Core", "Core", "{6B4A8E8F-B676-4A8F-83B7-0A16C82EF7B2}"
EndProject
Project("{FAE04EC0-301F-11D3-BF4B-00C04F79EFBC}") = "FragranceWebsite", "FragranceWebsite\FragranceWebsite.csproj", "{1D7F9680-3097-47D9-8E33-CA57DB2DF1CB}"
EndProject
Global
	GlobalSection(SolutionConfigurationPlatforms) = preSolution
		Debug|Any CPU = Debug|Any CPU
		Release|Any CPU = Release|Any CPU
	EndGlobalSection
	GlobalSection(ProjectConfigurationPlatforms) = postSolution
		{3AAA7ADD-A0F9-4D28-9A07-61341FEE2443}.Debug|Any CPU.ActiveCfg = Debug|Any CPU
		{3AAA7ADD-A0F9-4D28-9A07-61341FEE2443}.Debug|Any CPU.Build.0 = Debug|Any CPU
		{3AAA7ADD-A0F9-4D28-9A07-61341FEE2443}.Release|Any CPU.ActiveCfg = Release|Any CPU
		{3AAA7ADD-A0F9-4D28-9A07-61341FEE2443}.Release|Any CPU.Build.0 = Release|Any CPU
		{7F095000-FB50-4361-95DF-734076C0B7E8}.Debug|Any CPU.ActiveCfg = Debug|Any CPU
		{7F095000-FB50-4361-95DF-734076C0B7E8}.Debug|Any CPU.Build.0 = Debug|Any CPU
		{7F095000-FB50-4361-95DF-734076C0B7E8}.Release|Any CPU.ActiveCfg = Release|Any CPU
		{7F095000-FB50-4361-95DF-734076C0B7E8}.Release|Any CPU.Build.0 = Release|Any CPU
		{D323846F-2D9C-4D63-9BB8-D0A57466788A}.Debug|Any CPU.ActiveCfg = Debug|Any CPU
		{D323846F-2D9C-4D63-9BB8-D0A57466788A}.Debug|Any CPU.Build.0 = Debug|Any CPU
		{D323846F-2D9C-4D63-9BB8-D0A57466788A}.Release|Any CPU.ActiveCfg = Release|Any CPU
		{D323846F-2D9C-4D63-9BB8-D0A57466788A}.Release|Any CPU.Build.0 = Release|Any CPU
		{1D7F9680-3097-47D9-8E33-CA57DB2DF1CB}.Debug|Any CPU.ActiveCfg = Debug|Any CPU
		{1D7F9680-3097-47D9-8E33-CA57DB2DF1CB}.Debug|Any CPU.Build.0 = Debug|Any CPU
		{1D7F9680-3097-47D9-8E33-CA57DB2DF1CB}.Release|Any CPU.ActiveCfg = Release|Any CPU
		{1D7F9680-3097-47D9-8E33-CA57DB2DF1CB}.Release|Any CPU.Build.0 = Release|Any CPU
	EndGlobalSection
	GlobalSection(SolutionProperties) = preSolution
		HideSolutionNode = FALSE
	EndGlobalSection
	GlobalSection(NestedProjects) = preSolution
		{7F095000-FB50-4361-95DF-734076C0B7E8} = {6B4A8E8F-B676-4A8F-83B7-0A16C82EF7B2}
		{D323846F-2D9C-4D63-9BB8-D0A57466788A} = {6B4A8E8F-B676-4A8F-83B7-0A16C82EF7B2}
	EndGlobalSection
	GlobalSection(ExtensibilityGlobals) = postSolution
		SolutionGuid = {82CC0246-8DEE-4738-AFCA-BFABB2B92DDC}
	EndGlobalSection
EndGlobal
